
Microsoft Visual Studio Solution File, Format Version 12.00
# Visual Studio 15
Project("{FAE04EC0-301F-11D3-BF4B-00C04F79EFBC}") = "Assembly-CSharp", "Assembly-CSharp.csproj", "{C74DE825-2B05-5B88-8E5B-D0AB576B287A}"
EndProject
Project("{FAE04EC0-301F-11D3-BF4B-00C04F79EFBC}") = "Assembly-CSharp-Editor", "Assembly-CSharp-Editor.csproj", "{5C66D8ED-BCE6-973B-90A4-4A1F1A78EBAC}"
EndProject
Global
	GlobalSection(SolutionConfigurationPlatforms) = preSolution
		Debug|Any CPU = Debug|Any CPU
		Release|Any CPU = Release|Any CPU
	EndGlobalSection
	GlobalSection(ProjectConfigurationPlatforms) = postSolution
		{C74DE825-2B05-5B88-8E5B-D0AB576B287A}.Debug|Any CPU.ActiveCfg = Debug|Any CPU
		{C74DE825-2B05-5B88-8E5B-D0AB576B287A}.Debug|Any CPU.Build.0 = Debug|Any CPU
		{C74DE825-2B05-5B88-8E5B-D0AB576B287A}.Release|Any CPU.ActiveCfg = Release|Any CPU
		{C74DE825-2B05-5B88-8E5B-D0AB576B287A}.Release|Any CPU.Build.0 = Release|Any CPU
		{5C66D8ED-BCE6-973B-90A4-4A1F1A78EBAC}.Debug|Any CPU.ActiveCfg = Debug|Any CPU
		{5C66D8ED-BCE6-973B-90A4-4A1F1A78EBAC}.Debug|Any CPU.Build.0 = Debug|Any CPU
		{5C66D8ED-BCE6-973B-90A4-4A1F1A78EBAC}.Release|Any CPU.ActiveCfg = Release|Any CPU
		{5C66D8ED-BCE6-973B-90A4-4A1F1A78EBAC}.Release|Any CPU.Build.0 = Release|Any CPU
	EndGlobalSection
	GlobalSection(SolutionProperties) = preSolution
		HideSolutionNode = FALSE
	EndGlobalSection
EndGlobal
